{
  "name": "pass-down",
  "version": "0.0.12",
  "lockfileVersion": 2,
  "requires": true,
  "packages": {
    "": {
      "version": "0.0.12",
      "license": "MIT",
      "dependencies": {
        "on-to-me": "0.0.10",
        "xtal-element": "0.0.365"
      }
    },
    "node_modules/on-to-me": {
      "version": "0.0.10",
      "resolved": "https://registry.npmjs.org/on-to-me/-/on-to-me-0.0.10.tgz",
      "integrity": "sha512-BuuxQ7GJmy+IV1apnjwpdVRyALrF4Kpw++KncujqKE70Ur90X4loglwcJsXfQ3A1Btyxk3Xlr1I0OdpkOYSR0w==",
      "license": "MIT"
    },
    "node_modules/xtal-element": {
      "version": "0.0.365",
      "resolved": "https://registry.npmjs.org/xtal-element/-/xtal-element-0.0.365.tgz",
      "integrity": "sha512-V0QAz4FKj6u0HMJ9w5MSt8GdcQTSA4w7JafUDGZPYpbEw4FqtpUVNfdfnTOwFs91ehubXeM0fKcaFSaqVi/qFw==",
      "dependencies": {
        "trans-render": "0.0.277"
      }
    },
    "node_modules/xtal-element/node_modules/trans-render": {
      "version": "0.0.277",
      "resolved": "https://registry.npmjs.org/trans-render/-/trans-render-0.0.277.tgz",
      "integrity": "sha512-Sfewyg/Z0J5BIFSN7aUYpWkTyJN1Lw/VrH2Dz7QMF3I1ZqUczFfwrpEOJTFr32wQjyRsReUC68ilMkofCcUOZA=="
    }
  },
  "dependencies": {
    "on-to-me": {
      "version": "0.0.10",
      "resolved": "https://registry.npmjs.org/on-to-me/-/on-to-me-0.0.10.tgz",
      "integrity": "sha512-BuuxQ7GJmy+IV1apnjwpdVRyALrF4Kpw++KncujqKE70Ur90X4loglwcJsXfQ3A1Btyxk3Xlr1I0OdpkOYSR0w=="
    },
    "xtal-element": {
      "version": "0.0.365",
      "resolved": "https://registry.npmjs.org/xtal-element/-/xtal-element-0.0.365.tgz",
      "integrity": "sha512-V0QAz4FKj6u0HMJ9w5MSt8GdcQTSA4w7JafUDGZPYpbEw4FqtpUVNfdfnTOwFs91ehubXeM0fKcaFSaqVi/qFw==",
      "requires": {
        "trans-render": "0.0.277"
      },
      "dependencies": {
        "trans-render": {
          "version": "0.0.277",
          "resolved": "https://registry.npmjs.org/trans-render/-/trans-render-0.0.277.tgz",
          "integrity": "sha512-Sfewyg/Z0J5BIFSN7aUYpWkTyJN1Lw/VrH2Dz7QMF3I1ZqUczFfwrpEOJTFr32wQjyRsReUC68ilMkofCcUOZA=="
        }
      }
    }
  }
}
